
Microsoft Visual Studio Solution File, Format Version 12.00
# Visual Studio Version 17
VisualStudioVersion = 17.5.002.0
MinimumVisualStudioVersion = 10.0.40219.1
Project("{9A19103F-16F7-4668-BE54-9A1E7A4F7556}") = "TechSpecChecking", "TechSpecChecking.csproj", "{60DDCA37-715D-48A7-A9C0-DCA0FD96663E}"
EndProject
Project("{FAE04EC0-301F-11D3-BF4B-00C04F79EFBC}") = "Mens", "..\..\..\..\..\VS\Mens\Mens.csproj", "{F33BB7A4-4C75-4B7F-BABC-9D35556CBB5B}"
EndProject
Global
	GlobalSection(SolutionConfigurationPlatforms) = preSolution
		Debug|Any CPU = Debug|Any CPU
		Release|Any CPU = Release|Any CPU
	EndGlobalSection
	GlobalSection(ProjectConfigurationPlatforms) = postSolution
		{60DDCA37-715D-48A7-A9C0-DCA0FD96663E}.Debug|Any CPU.ActiveCfg = Debug|Any CPU
		{60DDCA37-715D-48A7-A9C0-DCA0FD96663E}.Debug|Any CPU.Build.0 = Debug|Any CPU
		{60DDCA37-715D-48A7-A9C0-DCA0FD96663E}.Release|Any CPU.ActiveCfg = Release|Any CPU
		{60DDCA37-715D-48A7-A9C0-DCA0FD96663E}.Release|Any CPU.Build.0 = Release|Any CPU
		{F33BB7A4-4C75-4B7F-BABC-9D35556CBB5B}.Debug|Any CPU.ActiveCfg = Debug|Any CPU
		{F33BB7A4-4C75-4B7F-BABC-9D35556CBB5B}.Debug|Any CPU.Build.0 = Debug|Any CPU
		{F33BB7A4-4C75-4B7F-BABC-9D35556CBB5B}.Release|Any CPU.ActiveCfg = Release|Any CPU
		{F33BB7A4-4C75-4B7F-BABC-9D35556CBB5B}.Release|Any CPU.Build.0 = Release|Any CPU
	EndGlobalSection
	GlobalSection(SolutionProperties) = preSolution
		HideSolutionNode = FALSE
	EndGlobalSection
	GlobalSection(ExtensibilityGlobals) = postSolution
		SolutionGuid = {52906E3B-25CC-43E8-BB5E-9DD4D726304A}
	EndGlobalSection
EndGlobal
